{
  "name": "hook-server",
  "version": "1.0.0",
  "lockfileVersion": 1,
  "requires": true,
  "dependencies": {
    "@arr/every": {
      "version": "1.0.0",
      "resolved": "https://registry.npmjs.org/@arr/every/-/every-1.0.0.tgz",
      "integrity": "sha1-MU+BaPUK5IoDLP2tX9tDb0ZKl6w="
    }
  }
}
